
Microsoft Visual Studio Solution File, Format Version 12.00
# Visual Studio Version 16
VisualStudioVersion = 25.0.1706.13
MinimumVisualStudioVersion = 10.0.40219.1
Project("{FAE04EC0-301F-11D3-BF4B-00C04F79EFBC}") = "CS11", "CS11.csproj", "{81289E4F-F237-416D-B674-46AE532C5990}"
EndProject
Global
	GlobalSection(SolutionConfigurationPlatforms) = preSolution
		Debug|Any CPU = Debug|Any CPU
		Release|Any CPU = Release|Any CPU
	EndGlobalSection
	GlobalSection(ProjectConfigurationPlatforms) = postSolution
		{81289E4F-F237-416D-B674-46AE532C5990}.Debug|Any CPU.ActiveCfg = Debug|Any CPU
		{81289E4F-F237-416D-B674-46AE532C5990}.Debug|Any CPU.Build.0 = Debug|Any CPU
		{81289E4F-F237-416D-B674-46AE532C5990}.Release|Any CPU.ActiveCfg = Release|Any CPU
		{81289E4F-F237-416D-B674-46AE532C5990}.Release|Any CPU.Build.0 = Release|Any CPU
	EndGlobalSection
	GlobalSection(SolutionProperties) = preSolution
		HideSolutionNode = FALSE
	EndGlobalSection
	GlobalSection(ExtensibilityGlobals) = postSolution
		SolutionGuid = {F43FF72D-83C7-44E2-9502-B55420F55675}
	EndGlobalSection
EndGlobal
