{
  "version": 3,
  "targets": {
    "net8.0/osx-arm64": {
      "ironpython.console/3.4.1": {
        "type": "package",
        "tools": {
          "tools/net6.0/any/DLLs/IronPython.SQLite.dll": {},
          "tools/net6.0/any/DLLs/IronPython.Wpf.dll": {},
          "tools/net6.0/any/DotnetToolSettings.xml": {},
          "tools/net6.0/any/IronPython.Modules.dll": {},
          "tools/net6.0/any/IronPython.dll": {},
          "tools/net6.0/any/Microsoft.Dynamic.dll": {},
          "tools/net6.0/any/Microsoft.Scripting.dll": {},
          "tools/net6.0/any/Mono.Unix.dll": {},
          "tools/net6.0/any/System.CodeDom.dll": {},
          "tools/net6.0/any/ipy.deps.json": {},
          "tools/net6.0/any/ipy.dll": {},
          "tools/net6.0/any/ipy.runtimeconfig.json": {},
          "tools/net6.0/any/lib/__future__.py": {},
          "tools/net6.0/any/lib/__phello__.foo.py": {},
          "tools/net6.0/any/lib/_bootlocale.py": {},
          "tools/net6.0/any/lib/_collections_abc.py": {},
          "tools/net6.0/any/lib/_compat_pickle.py": {},
          "tools/net6.0/any/lib/_dummy_thread.py": {},
          "tools/net6.0/any/lib/_markupbase.py": {},
          "tools/net6.0/any/lib/_osx_support.py": {},
          "tools/net6.0/any/lib/_pyio.py": {},
          "tools/net6.0/any/lib/_sitebuiltins.py": {},
          "tools/net6.0/any/lib/_strptime.py": {},
          "tools/net6.0/any/lib/_threading_local.py": {},
          "tools/net6.0/any/lib/_weakrefset.py": {},
          "tools/net6.0/any/lib/abc.py": {},
          "tools/net6.0/any/lib/aifc.py": {},
          "tools/net6.0/any/lib/antigravity.py": {},
          "tools/net6.0/any/lib/argparse.py": {},
          "tools/net6.0/any/lib/ast.py": {},
          "tools/net6.0/any/lib/asynchat.py": {},
          "tools/net6.0/any/lib/asyncio/__init__.py": {},
          "tools/net6.0/any/lib/asyncio/base_events.py": {},
          "tools/net6.0/any/lib/asyncio/base_subprocess.py": {},
          "tools/net6.0/any/lib/asyncio/compat.py": {},
          "tools/net6.0/any/lib/asyncio/constants.py": {},
          "tools/net6.0/any/lib/asyncio/coroutines.py": {},
          "tools/net6.0/any/lib/asyncio/events.py": {},
          "tools/net6.0/any/lib/asyncio/futures.py": {},
          "tools/net6.0/any/lib/asyncio/locks.py": {},
          "tools/net6.0/any/lib/asyncio/log.py": {},
          "tools/net6.0/any/lib/asyncio/proactor_events.py": {},
          "tools/net6.0/any/lib/asyncio/protocols.py": {},
          "tools/net6.0/any/lib/asyncio/queues.py": {},
          "tools/net6.0/any/lib/asyncio/selector_events.py": {},
          "tools/net6.0/any/lib/asyncio/sslproto.py": {},
          "tools/net6.0/any/lib/asyncio/streams.py": {},
          "tools/net6.0/any/lib/asyncio/subprocess.py": {},
          "tools/net6.0/any/lib/asyncio/tasks.py": {},
          "tools/net6.0/any/lib/asyncio/test_utils.py": {},
          "tools/net6.0/any/lib/asyncio/transports.py": {},
          "tools/net6.0/any/lib/asyncio/unix_events.py": {},
          "tools/net6.0/any/lib/asyncio/windows_events.py": {},
          "tools/net6.0/any/lib/asyncio/windows_utils.py": {},
          "tools/net6.0/any/lib/asyncore.py": {},
          "tools/net6.0/any/lib/base64.py": {},
          "tools/net6.0/any/lib/bdb.py": {},
          "tools/net6.0/any/lib/binhex.py": {},
          "tools/net6.0/any/lib/bisect.py": {},
          "tools/net6.0/any/lib/bz2.py": {},
          "tools/net6.0/any/lib/cProfile.py": {},
          "tools/net6.0/any/lib/calendar.py": {},
          "tools/net6.0/any/lib/cgi.py": {},
          "tools/net6.0/any/lib/cgitb.py": {},
          "tools/net6.0/any/lib/chunk.py": {},
          "tools/net6.0/any/lib/clrtype.py": {},
          "tools/net6.0/any/lib/cmd.py": {},
          "tools/net6.0/any/lib/code.py": {},
          "tools/net6.0/any/lib/codecs.py": {},
          "tools/net6.0/any/lib/codeop.py": {},
          "tools/net6.0/any/lib/collections/__init__.py": {},
          "tools/net6.0/any/lib/collections/__main__.py": {},
          "tools/net6.0/any/lib/collections/abc.py": {},
          "tools/net6.0/any/lib/colorsys.py": {},
          "tools/net6.0/any/lib/compileall.py": {},
          "tools/net6.0/any/lib/concurrent/__init__.py": {},
          "tools/net6.0/any/lib/concurrent/futures/__init__.py": {},
          "tools/net6.0/any/lib/concurrent/futures/_base.py": {},
          "tools/net6.0/any/lib/concurrent/futures/process.py": {},
          "tools/net6.0/any/lib/concurrent/futures/thread.py": {},
          "tools/net6.0/any/lib/configparser.py": {},
          "tools/net6.0/any/lib/contextlib.py": {},
          "tools/net6.0/any/lib/copy.py": {},
          "tools/net6.0/any/lib/copyreg.py": {},
          "tools/net6.0/any/lib/crypt.py": {},
          "tools/net6.0/any/lib/csv.py": {},
          "tools/net6.0/any/lib/ctypes/__init__.py": {},
          "tools/net6.0/any/lib/ctypes/_endian.py": {},
          "tools/net6.0/any/lib/ctypes/macholib/README.ctypes": {},
          "tools/net6.0/any/lib/ctypes/macholib/__init__.py": {},
          "tools/net6.0/any/lib/ctypes/macholib/dyld.py": {},
          "tools/net6.0/any/lib/ctypes/macholib/dylib.py": {},
          "tools/net6.0/any/lib/ctypes/macholib/fetch_macholib": {},
          "tools/net6.0/any/lib/ctypes/macholib/fetch_macholib.bat": {},
          "tools/net6.0/any/lib/ctypes/macholib/framework.py": {},
          "tools/net6.0/any/lib/ctypes/util.py": {},
          "tools/net6.0/any/lib/ctypes/wintypes.py": {},
          "tools/net6.0/any/lib/curses/__init__.py": {},
          "tools/net6.0/any/lib/curses/ascii.py": {},
          "tools/net6.0/any/lib/curses/has_key.py": {},
          "tools/net6.0/any/lib/curses/panel.py": {},
          "tools/net6.0/any/lib/curses/textpad.py": {},
          "tools/net6.0/any/lib/datetime.py": {},
          "tools/net6.0/any/lib/dbm/__init__.py": {},
          "tools/net6.0/any/lib/dbm/dumb.py": {},
          "tools/net6.0/any/lib/dbm/gnu.py": {},
          "tools/net6.0/any/lib/dbm/ndbm.py": {},
          "tools/net6.0/any/lib/decimal.py": {},
          "tools/net6.0/any/lib/difflib.py": {},
          "tools/net6.0/any/lib/dis.py": {},
          "tools/net6.0/any/lib/distutils/README": {},
          "tools/net6.0/any/lib/distutils/__init__.py": {},
          "tools/net6.0/any/lib/distutils/archive_util.py": {},
          "tools/net6.0/any/lib/distutils/bcppcompiler.py": {},
          "tools/net6.0/any/lib/distutils/ccompiler.py": {},
          "tools/net6.0/any/lib/distutils/cmd.py": {},
          "tools/net6.0/any/lib/distutils/command/__init__.py": {},
          "tools/net6.0/any/lib/distutils/command/bdist.py": {},
          "tools/net6.0/any/lib/distutils/command/bdist_dumb.py": {},
          "tools/net6.0/any/lib/distutils/command/bdist_msi.py": {},
          "tools/net6.0/any/lib/distutils/command/bdist_rpm.py": {},
          "tools/net6.0/any/lib/distutils/command/bdist_wininst.py": {},
          "tools/net6.0/any/lib/distutils/command/build.py": {},
          "tools/net6.0/any/lib/distutils/command/build_clib.py": {},
          "tools/net6.0/any/lib/distutils/command/build_ext.py": {},
          "tools/net6.0/any/lib/distutils/command/build_py.py": {},
          "tools/net6.0/any/lib/distutils/command/build_scripts.py": {},
          "tools/net6.0/any/lib/distutils/command/check.py": {},
          "tools/net6.0/any/lib/distutils/command/clean.py": {},
          "tools/net6.0/any/lib/distutils/command/command_template": {},
          "tools/net6.0/any/lib/distutils/command/config.py": {},
          "tools/net6.0/any/lib/distutils/command/install.py": {},
          "tools/net6.0/any/lib/distutils/command/install_data.py": {},
          "tools/net6.0/any/lib/distutils/command/install_egg_info.py": {},
          "tools/net6.0/any/lib/distutils/command/install_headers.py": {},
          "tools/net6.0/any/lib/distutils/command/install_lib.py": {},
          "tools/net6.0/any/lib/distutils/command/install_scripts.py": {},
          "tools/net6.0/any/lib/distutils/command/register.py": {},
          "tools/net6.0/any/lib/distutils/command/sdist.py": {},
          "tools/net6.0/any/lib/distutils/command/upload.py": {},
          "tools/net6.0/any/lib/distutils/command/wininst-10.0-amd64.exe": {},
          "tools/net6.0/any/lib/distutils/command/wininst-10.0.exe": {},
          "tools/net6.0/any/lib/distutils/command/wininst-6.0.exe": {},
          "tools/net6.0/any/lib/distutils/command/wininst-7.1.exe": {},
          "tools/net6.0/any/lib/distutils/command/wininst-8.0.exe": {},
          "tools/net6.0/any/lib/distutils/command/wininst-9.0-amd64.exe": {},
          "tools/net6.0/any/lib/distutils/command/wininst-9.0.exe": {},
          "tools/net6.0/any/lib/distutils/config.py": {},
          "tools/net6.0/any/lib/distutils/core.py": {},
          "tools/net6.0/any/lib/distutils/cygwinccompiler.py": {},
          "tools/net6.0/any/lib/distutils/debug.py": {},
          "tools/net6.0/any/lib/distutils/dep_util.py": {},
          "tools/net6.0/any/lib/distutils/dir_util.py": {},
          "tools/net6.0/any/lib/distutils/dist.py": {},
          "tools/net6.0/any/lib/distutils/errors.py": {},
          "tools/net6.0/any/lib/distutils/extension.py": {},
          "tools/net6.0/any/lib/distutils/fancy_getopt.py": {},
          "tools/net6.0/any/lib/distutils/file_util.py": {},
          "tools/net6.0/any/lib/distutils/filelist.py": {},
          "tools/net6.0/any/lib/distutils/log.py": {},
          "tools/net6.0/any/lib/distutils/msvc9compiler.py": {},
          "tools/net6.0/any/lib/distutils/msvccompiler.py": {},
          "tools/net6.0/any/lib/distutils/spawn.py": {},
          "tools/net6.0/any/lib/distutils/sysconfig.py": {},
          "tools/net6.0/any/lib/distutils/text_file.py": {},
          "tools/net6.0/any/lib/distutils/unixccompiler.py": {},
          "tools/net6.0/any/lib/distutils/util.py": {},
          "tools/net6.0/any/lib/distutils/version.py": {},
          "tools/net6.0/any/lib/distutils/versionpredicate.py": {},
          "tools/net6.0/any/lib/doctest.py": {},
          "tools/net6.0/any/lib/dummy_threading.py": {},
          "tools/net6.0/any/lib/email/__init__.py": {},
          "tools/net6.0/any/lib/email/_encoded_words.py": {},
          "tools/net6.0/any/lib/email/_header_value_parser.py": {},
          "tools/net6.0/any/lib/email/_parseaddr.py": {},
          "tools/net6.0/any/lib/email/_policybase.py": {},
          "tools/net6.0/any/lib/email/architecture.rst": {},
          "tools/net6.0/any/lib/email/base64mime.py": {},
          "tools/net6.0/any/lib/email/charset.py": {},
          "tools/net6.0/any/lib/email/contentmanager.py": {},
          "tools/net6.0/any/lib/email/encoders.py": {},
          "tools/net6.0/any/lib/email/errors.py": {},
          "tools/net6.0/any/lib/email/feedparser.py": {},
          "tools/net6.0/any/lib/email/generator.py": {},
          "tools/net6.0/any/lib/email/header.py": {},
          "tools/net6.0/any/lib/email/headerregistry.py": {},
          "tools/net6.0/any/lib/email/iterators.py": {},
          "tools/net6.0/any/lib/email/message.py": {},
          "tools/net6.0/any/lib/email/mime/__init__.py": {},
          "tools/net6.0/any/lib/email/mime/application.py": {},
          "tools/net6.0/any/lib/email/mime/audio.py": {},
          "tools/net6.0/any/lib/email/mime/base.py": {},
          "tools/net6.0/any/lib/email/mime/image.py": {},
          "tools/net6.0/any/lib/email/mime/message.py": {},
          "tools/net6.0/any/lib/email/mime/multipart.py": {},
          "tools/net6.0/any/lib/email/mime/nonmultipart.py": {},
          "tools/net6.0/any/lib/email/mime/text.py": {},
          "tools/net6.0/any/lib/email/parser.py": {},
          "tools/net6.0/any/lib/email/policy.py": {},
          "tools/net6.0/any/lib/email/quoprimime.py": {},
          "tools/net6.0/any/lib/email/utils.py": {},
          "tools/net6.0/any/lib/encodings/__init__.py": {},
          "tools/net6.0/any/lib/encodings/aliases.py": {},
          "tools/net6.0/any/lib/encodings/ascii.py": {},
          "tools/net6.0/any/lib/encodings/base64_codec.py": {},
          "tools/net6.0/any/lib/encodings/big5.py": {},
          "tools/net6.0/any/lib/encodings/big5hkscs.py": {},
          "tools/net6.0/any/lib/encodings/bz2_codec.py": {},
          "tools/net6.0/any/lib/encodings/charmap.py": {},
          "tools/net6.0/any/lib/encodings/cp037.py": {},
          "tools/net6.0/any/lib/encodings/cp1006.py": {},
          "tools/net6.0/any/lib/encodings/cp1026.py": {},
          "tools/net6.0/any/lib/encodings/cp1125.py": {},
          "tools/net6.0/any/lib/encodings/cp1140.py": {},
          "tools/net6.0/any/lib/encodings/cp1250.py": {},
          "tools/net6.0/any/lib/encodings/cp1251.py": {},
          "tools/net6.0/any/lib/encodings/cp1252.py": {},
          "tools/net6.0/any/lib/encodings/cp1253.py": {},
          "tools/net6.0/any/lib/encodings/cp1254.py": {},
          "tools/net6.0/any/lib/encodings/cp1255.py": {},
          "tools/net6.0/any/lib/encodings/cp1256.py": {},
          "tools/net6.0/any/lib/encodings/cp1257.py": {},
          "tools/net6.0/any/lib/encodings/cp1258.py": {},
          "tools/net6.0/any/lib/encodings/cp273.py": {},
          "tools/net6.0/any/lib/encodings/cp424.py": {},
          "tools/net6.0/any/lib/encodings/cp437.py": {},
          "tools/net6.0/any/lib/encodings/cp500.py": {},
          "tools/net6.0/any/lib/encodings/cp65001.py": {},
          "tools/net6.0/any/lib/encodings/cp720.py": {},
          "tools/net6.0/any/lib/encodings/cp737.py": {},
          "tools/net6.0/any/lib/encodings/cp775.py": {},
          "tools/net6.0/any/lib/encodings/cp850.py": {},
          "tools/net6.0/any/lib/encodings/cp852.py": {},
          "tools/net6.0/any/lib/encodings/cp855.py": {},
          "tools/net6.0/any/lib/encodings/cp856.py": {},
          "tools/net6.0/any/lib/encodings/cp857.py": {},
          "tools/net6.0/any/lib/encodings/cp858.py": {},
          "tools/net6.0/any/lib/encodings/cp860.py": {},
          "tools/net6.0/any/lib/encodings/cp861.py": {},
          "tools/net6.0/any/lib/encodings/cp862.py": {},
          "tools/net6.0/any/lib/encodings/cp863.py": {},
          "tools/net6.0/any/lib/encodings/cp864.py": {},
          "tools/net6.0/any/lib/encodings/cp865.py": {},
          "tools/net6.0/any/lib/encodings/cp866.py": {},
          "tools/net6.0/any/lib/encodings/cp869.py": {},
          "tools/net6.0/any/lib/encodings/cp874.py": {},
          "tools/net6.0/any/lib/encodings/cp875.py": {},
          "tools/net6.0/any/lib/encodings/cp932.py": {},
          "tools/net6.0/any/lib/encodings/cp949.py": {},
          "tools/net6.0/any/lib/encodings/cp950.py": {},
          "tools/net6.0/any/lib/encodings/euc_jis_2004.py": {},
          "tools/net6.0/any/lib/encodings/euc_jisx0213.py": {},
          "tools/net6.0/any/lib/encodings/euc_jp.py": {},
          "tools/net6.0/any/lib/encodings/euc_kr.py": {},
          "tools/net6.0/any/lib/encodings/gb18030.py": {},
          "tools/net6.0/any/lib/encodings/gb2312.py": {},
          "tools/net6.0/any/lib/encodings/gbk.py": {},
          "tools/net6.0/any/lib/encodings/hex_codec.py": {},
          "tools/net6.0/any/lib/encodings/hp_roman8.py": {},
          "tools/net6.0/any/lib/encodings/hz.py": {},
          "tools/net6.0/any/lib/encodings/idna.py": {},
          "tools/net6.0/any/lib/encodings/iso2022_jp.py": {},
          "tools/net6.0/any/lib/encodings/iso2022_jp_1.py": {},
          "tools/net6.0/any/lib/encodings/iso2022_jp_2.py": {},
          "tools/net6.0/any/lib/encodings/iso2022_jp_2004.py": {},
          "tools/net6.0/any/lib/encodings/iso2022_jp_3.py": {},
          "tools/net6.0/any/lib/encodings/iso2022_jp_ext.py": {},
          "tools/net6.0/any/lib/encodings/iso2022_kr.py": {},
          "tools/net6.0/any/lib/encodings/iso8859_1.py": {},
          "tools/net6.0/any/lib/encodings/iso8859_10.py": {},
          "tools/net6.0/any/lib/encodings/iso8859_11.py": {},
          "tools/net6.0/any/lib/encodings/iso8859_13.py": {},
          "tools/net6.0/any/lib/encodings/iso8859_14.py": {},
          "tools/net6.0/any/lib/encodings/iso8859_15.py": {},
          "tools/net6.0/any/lib/encodings/iso8859_16.py": {},
          "tools/net6.0/any/lib/encodings/iso8859_2.py": {},
          "tools/net6.0/any/lib/encodings/iso8859_3.py": {},
          "tools/net6.0/any/lib/encodings/iso8859_4.py": {},
          "tools/net6.0/any/lib/encodings/iso8859_5.py": {},
          "tools/net6.0/any/lib/encodings/iso8859_6.py": {},
          "tools/net6.0/any/lib/encodings/iso8859_7.py": {},
          "tools/net6.0/any/lib/encodings/iso8859_8.py": {},
          "tools/net6.0/any/lib/encodings/iso8859_9.py": {},
          "tools/net6.0/any/lib/encodings/johab.py": {},
          "tools/net6.0/any/lib/encodings/koi8_r.py": {},
          "tools/net6.0/any/lib/encodings/koi8_u.py": {},
          "tools/net6.0/any/lib/encodings/latin_1.py": {},
          "tools/net6.0/any/lib/encodings/mac_arabic.py": {},
          "tools/net6.0/any/lib/encodings/mac_centeuro.py": {},
          "tools/net6.0/any/lib/encodings/mac_croatian.py": {},
          "tools/net6.0/any/lib/encodings/mac_cyrillic.py": {},
          "tools/net6.0/any/lib/encodings/mac_farsi.py": {},
          "tools/net6.0/any/lib/encodings/mac_greek.py": {},
          "tools/net6.0/any/lib/encodings/mac_iceland.py": {},
          "tools/net6.0/any/lib/encodings/mac_latin2.py": {},
          "tools/net6.0/any/lib/encodings/mac_roman.py": {},
          "tools/net6.0/any/lib/encodings/mac_romanian.py": {},
          "tools/net6.0/any/lib/encodings/mac_turkish.py": {},
          "tools/net6.0/any/lib/encodings/mbcs.py": {},
          "tools/net6.0/any/lib/encodings/palmos.py": {},
          "tools/net6.0/any/lib/encodings/ptcp154.py": {},
          "tools/net6.0/any/lib/encodings/punycode.py": {},
          "tools/net6.0/any/lib/encodings/quopri_codec.py": {},
          "tools/net6.0/any/lib/encodings/raw_unicode_escape.py": {},
          "tools/net6.0/any/lib/encodings/rot_13.py": {},
          "tools/net6.0/any/lib/encodings/shift_jis.py": {},
          "tools/net6.0/any/lib/encodings/shift_jis_2004.py": {},
          "tools/net6.0/any/lib/encodings/shift_jisx0213.py": {},
          "tools/net6.0/any/lib/encodings/tis_620.py": {},
          "tools/net6.0/any/lib/encodings/undefined.py": {},
          "tools/net6.0/any/lib/encodings/unicode_escape.py": {},
          "tools/net6.0/any/lib/encodings/unicode_internal.py": {},
          "tools/net6.0/any/lib/encodings/utf_16.py": {},
          "tools/net6.0/any/lib/encodings/utf_16_be.py": {},
          "tools/net6.0/any/lib/encodings/utf_16_le.py": {},
          "tools/net6.0/any/lib/encodings/utf_32.py": {},
          "tools/net6.0/any/lib/encodings/utf_32_be.py": {},
          "tools/net6.0/any/lib/encodings/utf_32_le.py": {},
          "tools/net6.0/any/lib/encodings/utf_7.py": {},
          "tools/net6.0/any/lib/encodings/utf_8.py": {},
          "tools/net6.0/any/lib/encodings/utf_8_sig.py": {},
          "tools/net6.0/any/lib/encodings/uu_codec.py": {},
          "tools/net6.0/any/lib/encodings/zlib_codec.py": {},
          "tools/net6.0/any/lib/ensurepip/__init__.py": {},
          "tools/net6.0/any/lib/ensurepip/__main__.py": {},
          "tools/net6.0/any/lib/ensurepip/_bundled/pip-18.1-py2.py3-none-any.whl": {},
          "tools/net6.0/any/lib/ensurepip/_bundled/setuptools-40.6.2-py2.py3-none-any.whl": {},
          "tools/net6.0/any/lib/ensurepip/_uninstall.py": {},
          "tools/net6.0/any/lib/enum.py": {},
          "tools/net6.0/any/lib/filecmp.py": {},
          "tools/net6.0/any/lib/fileinput.py": {},
          "tools/net6.0/any/lib/fnmatch.py": {},
          "tools/net6.0/any/lib/formatter.py": {},
          "tools/net6.0/any/lib/fractions.py": {},
          "tools/net6.0/any/lib/ftplib.py": {},
          "tools/net6.0/any/lib/functools.py": {},
          "tools/net6.0/any/lib/genericpath.py": {},
          "tools/net6.0/any/lib/getopt.py": {},
          "tools/net6.0/any/lib/getpass.py": {},
          "tools/net6.0/any/lib/gettext.py": {},
          "tools/net6.0/any/lib/glob.py": {},
          "tools/net6.0/any/lib/gzip.py": {},
          "tools/net6.0/any/lib/hashlib.py": {},
          "tools/net6.0/any/lib/heapq.py": {},
          "tools/net6.0/any/lib/hmac.py": {},
          "tools/net6.0/any/lib/html/__init__.py": {},
          "tools/net6.0/any/lib/html/entities.py": {},
          "tools/net6.0/any/lib/html/parser.py": {},
          "tools/net6.0/any/lib/http/__init__.py": {},
          "tools/net6.0/any/lib/http/client.py": {},
          "tools/net6.0/any/lib/http/cookiejar.py": {},
          "tools/net6.0/any/lib/http/cookies.py": {},
          "tools/net6.0/any/lib/http/server.py": {},
          "tools/net6.0/any/lib/imaplib.py": {},
          "tools/net6.0/any/lib/imghdr.py": {},
          "tools/net6.0/any/lib/imp.py": {},
          "tools/net6.0/any/lib/importlib/__init__.py": {},
          "tools/net6.0/any/lib/importlib/_bootstrap.py": {},
          "tools/net6.0/any/lib/importlib/abc.py": {},
          "tools/net6.0/any/lib/importlib/machinery.py": {},
          "tools/net6.0/any/lib/importlib/util.py": {},
          "tools/net6.0/any/lib/inspect.py": {},
          "tools/net6.0/any/lib/io.py": {},
          "tools/net6.0/any/lib/ipaddress.py": {},
          "tools/net6.0/any/lib/json/__init__.py": {},
          "tools/net6.0/any/lib/json/decoder.py": {},
          "tools/net6.0/any/lib/json/encoder.py": {},
          "tools/net6.0/any/lib/json/scanner.py": {},
          "tools/net6.0/any/lib/json/tool.py": {},
          "tools/net6.0/any/lib/keyword.py": {},
          "tools/net6.0/any/lib/lib2to3/Grammar.txt": {},
          "tools/net6.0/any/lib/lib2to3/PatternGrammar.txt": {},
          "tools/net6.0/any/lib/lib2to3/__init__.py": {},
          "tools/net6.0/any/lib/lib2to3/__main__.py": {},
          "tools/net6.0/any/lib/lib2to3/btm_matcher.py": {},
          "tools/net6.0/any/lib/lib2to3/btm_utils.py": {},
          "tools/net6.0/any/lib/lib2to3/fixer_base.py": {},
          "tools/net6.0/any/lib/lib2to3/fixer_util.py": {},
          "tools/net6.0/any/lib/lib2to3/fixes/__init__.py": {},
          "tools/net6.0/any/lib/lib2to3/fixes/fix_apply.py": {},
          "tools/net6.0/any/lib/lib2to3/fixes/fix_asserts.py": {},
          "tools/net6.0/any/lib/lib2to3/fixes/fix_basestring.py": {},
          "tools/net6.0/any/lib/lib2to3/fixes/fix_buffer.py": {},
          "tools/net6.0/any/lib/lib2to3/fixes/fix_callable.py": {},
          "tools/net6.0/any/lib/lib2to3/fixes/fix_dict.py": {},
          "tools/net6.0/any/lib/lib2to3/fixes/fix_except.py": {},
          "tools/net6.0/any/lib/lib2to3/fixes/fix_exec.py": {},
          "tools/net6.0/any/lib/lib2to3/fixes/fix_execfile.py": {},
          "tools/net6.0/any/lib/lib2to3/fixes/fix_exitfunc.py": {},
          "tools/net6.0/any/lib/lib2to3/fixes/fix_filter.py": {},
          "tools/net6.0/any/lib/lib2to3/fixes/fix_funcattrs.py": {},
          "tools/net6.0/any/lib/lib2to3/fixes/fix_future.py": {},
          "tools/net6.0/any/lib/lib2to3/fixes/fix_getcwdu.py": {},
          "tools/net6.0/any/lib/lib2to3/fixes/fix_has_key.py": {},
          "tools/net6.0/any/lib/lib2to3/fixes/fix_idioms.py": {},
          "tools/net6.0/any/lib/lib2to3/fixes/fix_import.py": {},
          "tools/net6.0/any/lib/lib2to3/fixes/fix_imports.py": {},
          "tools/net6.0/any/lib/lib2to3/fixes/fix_imports2.py": {},
          "tools/net6.0/any/lib/lib2to3/fixes/fix_input.py": {},
          "tools/net6.0/any/lib/lib2to3/fixes/fix_intern.py": {},
          "tools/net6.0/any/lib/lib2to3/fixes/fix_isinstance.py": {},
          "tools/net6.0/any/lib/lib2to3/fixes/fix_itertools.py": {},
          "tools/net6.0/any/lib/lib2to3/fixes/fix_itertools_imports.py": {},
          "tools/net6.0/any/lib/lib2to3/fixes/fix_long.py": {},
          "tools/net6.0/any/lib/lib2to3/fixes/fix_map.py": {},
          "tools/net6.0/any/lib/lib2to3/fixes/fix_metaclass.py": {},
          "tools/net6.0/any/lib/lib2to3/fixes/fix_methodattrs.py": {},
          "tools/net6.0/any/lib/lib2to3/fixes/fix_ne.py": {},
          "tools/net6.0/any/lib/lib2to3/fixes/fix_next.py": {},
          "tools/net6.0/any/lib/lib2to3/fixes/fix_nonzero.py": {},
          "tools/net6.0/any/lib/lib2to3/fixes/fix_numliterals.py": {},
          "tools/net6.0/any/lib/lib2to3/fixes/fix_operator.py": {},
          "tools/net6.0/any/lib/lib2to3/fixes/fix_paren.py": {},
          "tools/net6.0/any/lib/lib2to3/fixes/fix_print.py": {},
          "tools/net6.0/any/lib/lib2to3/fixes/fix_raise.py": {},
          "tools/net6.0/any/lib/lib2to3/fixes/fix_raw_input.py": {},
          "tools/net6.0/any/lib/lib2to3/fixes/fix_reduce.py": {},
          "tools/net6.0/any/lib/lib2to3/fixes/fix_reload.py": {},
          "tools/net6.0/any/lib/lib2to3/fixes/fix_renames.py": {},
          "tools/net6.0/any/lib/lib2to3/fixes/fix_repr.py": {},
          "tools/net6.0/any/lib/lib2to3/fixes/fix_set_literal.py": {},
          "tools/net6.0/any/lib/lib2to3/fixes/fix_standarderror.py": {},
          "tools/net6.0/any/lib/lib2to3/fixes/fix_sys_exc.py": {},
          "tools/net6.0/any/lib/lib2to3/fixes/fix_throw.py": {},
          "tools/net6.0/any/lib/lib2to3/fixes/fix_tuple_params.py": {},
          "tools/net6.0/any/lib/lib2to3/fixes/fix_types.py": {},
          "tools/net6.0/any/lib/lib2to3/fixes/fix_unicode.py": {},
          "tools/net6.0/any/lib/lib2to3/fixes/fix_urllib.py": {},
          "tools/net6.0/any/lib/lib2to3/fixes/fix_ws_comma.py": {},
          "tools/net6.0/any/lib/lib2to3/fixes/fix_xrange.py": {},
          "tools/net6.0/any/lib/lib2to3/fixes/fix_xreadlines.py": {},
          "tools/net6.0/any/lib/lib2to3/fixes/fix_zip.py": {},
          "tools/net6.0/any/lib/lib2to3/main.py": {},
          "tools/net6.0/any/lib/lib2to3/patcomp.py": {},
          "tools/net6.0/any/lib/lib2to3/pgen2/__init__.py": {},
          "tools/net6.0/any/lib/lib2to3/pgen2/conv.py": {},
          "tools/net6.0/any/lib/lib2to3/pgen2/driver.py": {},
          "tools/net6.0/any/lib/lib2to3/pgen2/grammar.py": {},
          "tools/net6.0/any/lib/lib2to3/pgen2/literals.py": {},
          "tools/net6.0/any/lib/lib2to3/pgen2/parse.py": {},
          "tools/net6.0/any/lib/lib2to3/pgen2/pgen.py": {},
          "tools/net6.0/any/lib/lib2to3/pgen2/token.py": {},
          "tools/net6.0/any/lib/lib2to3/pgen2/tokenize.py": {},
          "tools/net6.0/any/lib/lib2to3/pygram.py": {},
          "tools/net6.0/any/lib/lib2to3/pytree.py": {},
          "tools/net6.0/any/lib/lib2to3/refactor.py": {},
          "tools/net6.0/any/lib/linecache.py": {},
          "tools/net6.0/any/lib/locale.py": {},
          "tools/net6.0/any/lib/logging/__init__.py": {},
          "tools/net6.0/any/lib/logging/config.py": {},
          "tools/net6.0/any/lib/logging/handlers.py": {},
          "tools/net6.0/any/lib/lzma.py": {},
          "tools/net6.0/any/lib/macpath.py": {},
          "tools/net6.0/any/lib/macurl2path.py": {},
          "tools/net6.0/any/lib/mailbox.py": {},
          "tools/net6.0/any/lib/mailcap.py": {},
          "tools/net6.0/any/lib/mimetypes.py": {},
          "tools/net6.0/any/lib/modulefinder.py": {},
          "tools/net6.0/any/lib/msilib/__init__.py": {},
          "tools/net6.0/any/lib/msilib/schema.py": {},
          "tools/net6.0/any/lib/msilib/sequence.py": {},
          "tools/net6.0/any/lib/msilib/text.py": {},
          "tools/net6.0/any/lib/multiprocessing/__init__.py": {},
          "tools/net6.0/any/lib/multiprocessing/connection.py": {},
          "tools/net6.0/any/lib/multiprocessing/context.py": {},
          "tools/net6.0/any/lib/multiprocessing/dummy/__init__.py": {},
          "tools/net6.0/any/lib/multiprocessing/dummy/connection.py": {},
          "tools/net6.0/any/lib/multiprocessing/forkserver.py": {},
          "tools/net6.0/any/lib/multiprocessing/heap.py": {},
          "tools/net6.0/any/lib/multiprocessing/managers.py": {},
          "tools/net6.0/any/lib/multiprocessing/pool.py": {},
          "tools/net6.0/any/lib/multiprocessing/popen_fork.py": {},
          "tools/net6.0/any/lib/multiprocessing/popen_forkserver.py": {},
          "tools/net6.0/any/lib/multiprocessing/popen_spawn_posix.py": {},
          "tools/net6.0/any/lib/multiprocessing/popen_spawn_win32.py": {},
          "tools/net6.0/any/lib/multiprocessing/process.py": {},
          "tools/net6.0/any/lib/multiprocessing/queues.py": {},
          "tools/net6.0/any/lib/multiprocessing/reduction.py": {},
          "tools/net6.0/any/lib/multiprocessing/resource_sharer.py": {},
          "tools/net6.0/any/lib/multiprocessing/semaphore_tracker.py": {},
          "tools/net6.0/any/lib/multiprocessing/sharedctypes.py": {},
          "tools/net6.0/any/lib/multiprocessing/spawn.py": {},
          "tools/net6.0/any/lib/multiprocessing/synchronize.py": {},
          "tools/net6.0/any/lib/multiprocessing/util.py": {},
          "tools/net6.0/any/lib/netrc.py": {},
          "tools/net6.0/any/lib/nntplib.py": {},
          "tools/net6.0/any/lib/ntpath.py": {},
          "tools/net6.0/any/lib/nturl2path.py": {},
          "tools/net6.0/any/lib/numbers.py": {},
          "tools/net6.0/any/lib/opcode.py": {},
          "tools/net6.0/any/lib/operator.py": {},
          "tools/net6.0/any/lib/optparse.py": {},
          "tools/net6.0/any/lib/os.py": {},
          "tools/net6.0/any/lib/pathlib.py": {},
          "tools/net6.0/any/lib/pdb.py": {},
          "tools/net6.0/any/lib/pickle.py": {},
          "tools/net6.0/any/lib/pickletools.py": {},
          "tools/net6.0/any/lib/pipes.py": {},
          "tools/net6.0/any/lib/pkgutil.py": {},
          "tools/net6.0/any/lib/platform.py": {},
          "tools/net6.0/any/lib/plistlib.py": {},
          "tools/net6.0/any/lib/poplib.py": {},
          "tools/net6.0/any/lib/posixpath.py": {},
          "tools/net6.0/any/lib/pprint.py": {},
          "tools/net6.0/any/lib/profile.py": {},
          "tools/net6.0/any/lib/pstats.py": {},
          "tools/net6.0/any/lib/pty.py": {},
          "tools/net6.0/any/lib/py_compile.py": {},
          "tools/net6.0/any/lib/pyclbr.py": {},
          "tools/net6.0/any/lib/pydoc.py": {},
          "tools/net6.0/any/lib/pydoc_data/__init__.py": {},
          "tools/net6.0/any/lib/pydoc_data/_pydoc.css": {},
          "tools/net6.0/any/lib/pydoc_data/topics.py": {},
          "tools/net6.0/any/lib/queue.py": {},
          "tools/net6.0/any/lib/quopri.py": {},
          "tools/net6.0/any/lib/random.py": {},
          "tools/net6.0/any/lib/re.py": {},
          "tools/net6.0/any/lib/reprlib.py": {},
          "tools/net6.0/any/lib/rlcompleter.py": {},
          "tools/net6.0/any/lib/runpy.py": {},
          "tools/net6.0/any/lib/sched.py": {},
          "tools/net6.0/any/lib/selectors.py": {},
          "tools/net6.0/any/lib/shelve.py": {},
          "tools/net6.0/any/lib/shlex.py": {},
          "tools/net6.0/any/lib/shutil.py": {},
          "tools/net6.0/any/lib/site-packages/README": {},
          "tools/net6.0/any/lib/site.py": {},
          "tools/net6.0/any/lib/smtpd.py": {},
          "tools/net6.0/any/lib/smtplib.py": {},
          "tools/net6.0/any/lib/sndhdr.py": {},
          "tools/net6.0/any/lib/socket.py": {},
          "tools/net6.0/any/lib/socketserver.py": {},
          "tools/net6.0/any/lib/sqlite3/__init__.py": {},
          "tools/net6.0/any/lib/sqlite3/dbapi2.py": {},
          "tools/net6.0/any/lib/sqlite3/dump.py": {},
          "tools/net6.0/any/lib/sre_compile.py": {},
          "tools/net6.0/any/lib/sre_constants.py": {},
          "tools/net6.0/any/lib/sre_parse.py": {},
          "tools/net6.0/any/lib/ssl.py": {},
          "tools/net6.0/any/lib/stat.py": {},
          "tools/net6.0/any/lib/statistics.py": {},
          "tools/net6.0/any/lib/string.py": {},
          "tools/net6.0/any/lib/stringprep.py": {},
          "tools/net6.0/any/lib/struct.py": {},
          "tools/net6.0/any/lib/subprocess.py": {},
          "tools/net6.0/any/lib/sunau.py": {},
          "tools/net6.0/any/lib/symbol.py": {},
          "tools/net6.0/any/lib/symtable.py": {},
          "tools/net6.0/any/lib/sysconfig.py": {},
          "tools/net6.0/any/lib/tabnanny.py": {},
          "tools/net6.0/any/lib/tarfile.py": {},
          "tools/net6.0/any/lib/telnetlib.py": {},
          "tools/net6.0/any/lib/tempfile.py": {},
          "tools/net6.0/any/lib/textwrap.py": {},
          "tools/net6.0/any/lib/this.py": {},
          "tools/net6.0/any/lib/threading.py": {},
          "tools/net6.0/any/lib/timeit.py": {},
          "tools/net6.0/any/lib/token.py": {},
          "tools/net6.0/any/lib/tokenize.py": {},
          "tools/net6.0/any/lib/trace.py": {},
          "tools/net6.0/any/lib/traceback.py": {},
          "tools/net6.0/any/lib/tracemalloc.py": {},
          "tools/net6.0/any/lib/tty.py": {},
          "tools/net6.0/any/lib/turtle.py": {},
          "tools/net6.0/any/lib/turtledemo/__init__.py": {},
          "tools/net6.0/any/lib/turtledemo/__main__.py": {},
          "tools/net6.0/any/lib/turtledemo/bytedesign.py": {},
          "tools/net6.0/any/lib/turtledemo/chaos.py": {},
          "tools/net6.0/any/lib/turtledemo/clock.py": {},
          "tools/net6.0/any/lib/turtledemo/colormixer.py": {},
          "tools/net6.0/any/lib/turtledemo/forest.py": {},
          "tools/net6.0/any/lib/turtledemo/fractalcurves.py": {},
          "tools/net6.0/any/lib/turtledemo/lindenmayer.py": {},
          "tools/net6.0/any/lib/turtledemo/minimal_hanoi.py": {},
          "tools/net6.0/any/lib/turtledemo/nim.py": {},
          "tools/net6.0/any/lib/turtledemo/paint.py": {},
          "tools/net6.0/any/lib/turtledemo/peace.py": {},
          "tools/net6.0/any/lib/turtledemo/penrose.py": {},
          "tools/net6.0/any/lib/turtledemo/planet_and_moon.py": {},
          "tools/net6.0/any/lib/turtledemo/round_dance.py": {},
          "tools/net6.0/any/lib/turtledemo/tree.py": {},
          "tools/net6.0/any/lib/turtledemo/turtle.cfg": {},
          "tools/net6.0/any/lib/turtledemo/two_canvases.py": {},
          "tools/net6.0/any/lib/turtledemo/wikipedia.py": {},
          "tools/net6.0/any/lib/turtledemo/yinyang.py": {},
          "tools/net6.0/any/lib/types.py": {},
          "tools/net6.0/any/lib/typing.py": {},
          "tools/net6.0/any/lib/unittest/__init__.py": {},
          "tools/net6.0/any/lib/unittest/__main__.py": {},
          "tools/net6.0/any/lib/unittest/case.py": {},
          "tools/net6.0/any/lib/unittest/loader.py": {},
          "tools/net6.0/any/lib/unittest/main.py": {},
          "tools/net6.0/any/lib/unittest/mock.py": {},
          "tools/net6.0/any/lib/unittest/result.py": {},
          "tools/net6.0/any/lib/unittest/runner.py": {},
          "tools/net6.0/any/lib/unittest/signals.py": {},
          "tools/net6.0/any/lib/unittest/suite.py": {},
          "tools/net6.0/any/lib/unittest/util.py": {},
          "tools/net6.0/any/lib/urllib/__init__.py": {},
          "tools/net6.0/any/lib/urllib/error.py": {},
          "tools/net6.0/any/lib/urllib/parse.py": {},
          "tools/net6.0/any/lib/urllib/request.py": {},
          "tools/net6.0/any/lib/urllib/response.py": {},
          "tools/net6.0/any/lib/urllib/robotparser.py": {},
          "tools/net6.0/any/lib/uu.py": {},
          "tools/net6.0/any/lib/uuid.py": {},
          "tools/net6.0/any/lib/venv/__init__.py": {},
          "tools/net6.0/any/lib/venv/__main__.py": {},
          "tools/net6.0/any/lib/venv/scripts/nt/Activate.ps1": {},
          "tools/net6.0/any/lib/venv/scripts/nt/activate.bat": {},
          "tools/net6.0/any/lib/venv/scripts/nt/deactivate.bat": {},
          "tools/net6.0/any/lib/venv/scripts/posix/activate": {},
          "tools/net6.0/any/lib/venv/scripts/posix/activate.csh": {},
          "tools/net6.0/any/lib/venv/scripts/posix/activate.fish": {},
          "tools/net6.0/any/lib/warnings.py": {},
          "tools/net6.0/any/lib/wave.py": {},
          "tools/net6.0/any/lib/weakref.py": {},
          "tools/net6.0/any/lib/webbrowser.py": {},
          "tools/net6.0/any/lib/wpf.py": {},
          "tools/net6.0/any/lib/wsgiref/__init__.py": {},
          "tools/net6.0/any/lib/wsgiref/handlers.py": {},
          "tools/net6.0/any/lib/wsgiref/headers.py": {},
          "tools/net6.0/any/lib/wsgiref/simple_server.py": {},
          "tools/net6.0/any/lib/wsgiref/util.py": {},
          "tools/net6.0/any/lib/wsgiref/validate.py": {},
          "tools/net6.0/any/lib/xdrlib.py": {},
          "tools/net6.0/any/lib/xml/__init__.py": {},
          "tools/net6.0/any/lib/xml/dom/NodeFilter.py": {},
          "tools/net6.0/any/lib/xml/dom/__init__.py": {},
          "tools/net6.0/any/lib/xml/dom/domreg.py": {},
          "tools/net6.0/any/lib/xml/dom/expatbuilder.py": {},
          "tools/net6.0/any/lib/xml/dom/minicompat.py": {},
          "tools/net6.0/any/lib/xml/dom/minidom.py": {},
          "tools/net6.0/any/lib/xml/dom/pulldom.py": {},
          "tools/net6.0/any/lib/xml/dom/xmlbuilder.py": {},
          "tools/net6.0/any/lib/xml/etree/ElementInclude.py": {},
          "tools/net6.0/any/lib/xml/etree/ElementPath.py": {},
          "tools/net6.0/any/lib/xml/etree/ElementTree.py": {},
          "tools/net6.0/any/lib/xml/etree/__init__.py": {},
          "tools/net6.0/any/lib/xml/etree/cElementTree.py": {},
          "tools/net6.0/any/lib/xml/parsers/__init__.py": {},
          "tools/net6.0/any/lib/xml/parsers/expat.py": {},
          "tools/net6.0/any/lib/xml/sax/__init__.py": {},
          "tools/net6.0/any/lib/xml/sax/_exceptions.py": {},
          "tools/net6.0/any/lib/xml/sax/expatreader.py": {},
          "tools/net6.0/any/lib/xml/sax/handler.py": {},
          "tools/net6.0/any/lib/xml/sax/saxutils.py": {},
          "tools/net6.0/any/lib/xml/sax/xmlreader.py": {},
          "tools/net6.0/any/lib/xmlrpc/__init__.py": {},
          "tools/net6.0/any/lib/xmlrpc/client.py": {},
          "tools/net6.0/any/lib/xmlrpc/server.py": {},
          "tools/net6.0/any/lib/zipfile.py": {},
          "tools/net6.0/any/runtimes/android-arm/native/libMono.Unix.so": {},
          "tools/net6.0/any/runtimes/android-arm64/native/libMono.Unix.so": {},
          "tools/net6.0/any/runtimes/android-x64/native/libMono.Unix.so": {},
          "tools/net6.0/any/runtimes/android-x86/native/libMono.Unix.so": {},
          "tools/net6.0/any/runtimes/ios-arm/native/libMono.Unix.a": {},
          "tools/net6.0/any/runtimes/ios-arm64/native/libMono.Unix.a": {},
          "tools/net6.0/any/runtimes/ios-armv7s/native/libMono.Unix.a": {},
          "tools/net6.0/any/runtimes/iossimulator-arm64/native/libMono.Unix.a": {},
          "tools/net6.0/any/runtimes/iossimulator-x64/native/libMono.Unix.a": {},
          "tools/net6.0/any/runtimes/linux-arm/native/libMono.Unix.so": {},
          "tools/net6.0/any/runtimes/linux-arm64/native/libMono.Unix.so": {},
          "tools/net6.0/any/runtimes/linux-x64/native/libMono.Unix.so": {},
          "tools/net6.0/any/runtimes/maccatalyst-arm64/native/libMono.Unix.a": {},
          "tools/net6.0/any/runtimes/maccatalyst-x64/native/libMono.Unix.a": {},
          "tools/net6.0/any/runtimes/osx-arm64/native/libMono.Unix.dylib": {},
          "tools/net6.0/any/runtimes/osx-x64/native/libMono.Unix.dylib": {},
          "tools/net6.0/any/runtimes/tvos-arm64/native/libMono.Unix.a": {},
          "tools/net6.0/any/runtimes/tvossimulator-x64/native/libMono.Unix.a": {}
        }
      }
    }
  },
  "libraries": {},
  "projectFileDependencyGroups": {}
}